
Microsoft Visual Studio Solution File, Format Version 12.00
# Visual Studio Version 17
VisualStudioVersion = 17.12.35527.113 d17.12
MinimumVisualStudioVersion = 10.0.40219.1
Project("{FAE04EC0-301F-11D3-BF4B-00C04F79EFBC}") = "MvcProjeSelin", "MvcProjeSelin\MvcProjeSelin.csproj", "{3E66676B-FD34-4A34-83BC-528CBAF74A76}"
EndProject
Project("{FAE04EC0-301F-11D3-BF4B-00C04F79EFBC}") = "EntityLayer", "EntityLayer\EntityLayer.csproj", "{506E8EEE-2CE7-403F-B532-DACAE8DC40F2}"
EndProject
Project("{FAE04EC0-301F-11D3-BF4B-00C04F79EFBC}") = "DataAccessLayer", "DataAccessLayer\DataAccessLayer.csproj", "{FB3FBFF2-ACB1-4376-8E33-B01F09BDAC0D}"
EndProject
Project("{FAE04EC0-301F-11D3-BF4B-00C04F79EFBC}") = "BusinessLayer", "BusinessLayer\BusinessLayer.csproj", "{BE153677-CD79-45C4-B930-28032E257E92}"
EndProject
Global
	GlobalSection(SolutionConfigurationPlatforms) = preSolution
		Debug|Any CPU = Debug|Any CPU
		Release|Any CPU = Release|Any CPU
	EndGlobalSection
	GlobalSection(ProjectConfigurationPlatforms) = postSolution
		{3E66676B-FD34-4A34-83BC-528CBAF74A76}.Debug|Any CPU.ActiveCfg = Debug|Any CPU
		{3E66676B-FD34-4A34-83BC-528CBAF74A76}.Debug|Any CPU.Build.0 = Debug|Any CPU
		{3E66676B-FD34-4A34-83BC-528CBAF74A76}.Release|Any CPU.ActiveCfg = Release|Any CPU
		{3E66676B-FD34-4A34-83BC-528CBAF74A76}.Release|Any CPU.Build.0 = Release|Any CPU
		{506E8EEE-2CE7-403F-B532-DACAE8DC40F2}.Debug|Any CPU.ActiveCfg = Debug|Any CPU
		{506E8EEE-2CE7-403F-B532-DACAE8DC40F2}.Debug|Any CPU.Build.0 = Debug|Any CPU
		{506E8EEE-2CE7-403F-B532-DACAE8DC40F2}.Release|Any CPU.ActiveCfg = Release|Any CPU
		{506E8EEE-2CE7-403F-B532-DACAE8DC40F2}.Release|Any CPU.Build.0 = Release|Any CPU
		{FB3FBFF2-ACB1-4376-8E33-B01F09BDAC0D}.Debug|Any CPU.ActiveCfg = Debug|Any CPU
		{FB3FBFF2-ACB1-4376-8E33-B01F09BDAC0D}.Debug|Any CPU.Build.0 = Debug|Any CPU
		{FB3FBFF2-ACB1-4376-8E33-B01F09BDAC0D}.Release|Any CPU.ActiveCfg = Release|Any CPU
		{FB3FBFF2-ACB1-4376-8E33-B01F09BDAC0D}.Release|Any CPU.Build.0 = Release|Any CPU
		{BE153677-CD79-45C4-B930-28032E257E92}.Debug|Any CPU.ActiveCfg = Debug|Any CPU
		{BE153677-CD79-45C4-B930-28032E257E92}.Debug|Any CPU.Build.0 = Debug|Any CPU
		{BE153677-CD79-45C4-B930-28032E257E92}.Release|Any CPU.ActiveCfg = Release|Any CPU
		{BE153677-CD79-45C4-B930-28032E257E92}.Release|Any CPU.Build.0 = Release|Any CPU
	EndGlobalSection
	GlobalSection(SolutionProperties) = preSolution
		HideSolutionNode = FALSE
	EndGlobalSection
EndGlobal
